Microsoft Visual Studio Solution File, Format Version 11.00
# Visual Studio 2008

Project("{E5BFD5EB-E925-7AA9-4DE6-D3479C82548F}") = "Quicksnap", "Assembly-CSharp-firstpass-vs.csproj", "{D5798188-B5DA-751B-2E8F-73F7C9D666FE}"
EndProject
Project("{E5BFD5EB-E925-7AA9-4DE6-D3479C82548F}") = "Quicksnap", "Assembly-CSharp-vs.csproj", "{AE676E1A-C1DD-C718-78A7-19D5419DD68E}"
EndProject
Global
	GlobalSection(SolutionConfigurationPlatforms) = preSolution
		Debug|Any CPU = Debug|Any CPU
		Release|Any CPU = Release|Any CPU
	EndGlobalSection
	GlobalSection(ProjectConfigurationPlatforms) = postSolution
		{D5798188-B5DA-751B-2E8F-73F7C9D666FE}.Debug|Any CPU.ActiveCfg = Debug|Any CPU
		{D5798188-B5DA-751B-2E8F-73F7C9D666FE}.Debug|Any CPU.Build.0 = Debug|Any CPU
		{D5798188-B5DA-751B-2E8F-73F7C9D666FE}.Release|Any CPU.ActiveCfg = Release|Any CPU
		{D5798188-B5DA-751B-2E8F-73F7C9D666FE}.Release|Any CPU.Build.0 = Release|Any CPU
		{AE676E1A-C1DD-C718-78A7-19D5419DD68E}.Debug|Any CPU.ActiveCfg = Debug|Any CPU
		{AE676E1A-C1DD-C718-78A7-19D5419DD68E}.Debug|Any CPU.Build.0 = Debug|Any CPU
		{AE676E1A-C1DD-C718-78A7-19D5419DD68E}.Release|Any CPU.ActiveCfg = Release|Any CPU
		{AE676E1A-C1DD-C718-78A7-19D5419DD68E}.Release|Any CPU.Build.0 = Release|Any CPU
	EndGlobalSection
	GlobalSection(SolutionProperties) = preSolution
		HideSolutionNode = FALSE
	EndGlobalSection
									GlobalSection(MonoDevelopProperties) = preSolution
		StartupItem = Assembly-CSharp.csproj
		Policies = $0
		$0.TextStylePolicy = $1
		$1.inheritsSet = null
		$1.scope = text/x-csharp
		$0.CSharpFormattingPolicy = $2
		$2.inheritsSet = Mono
		$2.inheritsScope = text/x-csharp
		$2.scope = text/x-csharp
		$0.TextStylePolicy = $3
		$3.FileWidth = 120
		$3.TabWidth = 4
		$3.EolMarker = Unix
		$3.inheritsSet = Mono
		$3.inheritsScope = text/plain
		$3.scope = text/plain
	EndGlobalSection

EndGlobal
